
Microsoft Visual Studio Solution File, Format Version 12.00
# Visual Studio Version 17
VisualStudioVersion = 17.0.32014.148
MinimumVisualStudioVersion = 10.0.40219.1
Project("{9A19103F-16F7-4668-BE54-9A1E7A4F7556}") = "Task.1", "Task.1\Task.1.csproj", "{02CD5BF0-F7B7-4FC0-9A9B-3B2D1A4B980E}"
EndProject
Project("{9A19103F-16F7-4668-BE54-9A1E7A4F7556}") = "Task.2", "Task.2\Task.2.csproj", "{540160AA-99B5-4D3F-99E7-2E743E1ED2DB}"
EndProject
Project("{9A19103F-16F7-4668-BE54-9A1E7A4F7556}") = "Task.3", "Task.3\Task.3.csproj", "{932192EB-7CB0-4779-BD3A-A68B0680B468}"
EndProject
Project("{9A19103F-16F7-4668-BE54-9A1E7A4F7556}") = "Task.4", "Task.4\Task.4.csproj", "{BAAB6C55-6EC1-4487-A502-4D512FF5724E}"
EndProject
Project("{9A19103F-16F7-4668-BE54-9A1E7A4F7556}") = "Task.5", "Task.5\Task.5.csproj", "{1E308EE8-3364-47AE-903B-1B297F854B58}"
EndProject
Project("{9A19103F-16F7-4668-BE54-9A1E7A4F7556}") = "Task.6", "Task.6\Task.6.csproj", "{F1F19B7A-50E6-4E66-A348-699EDA50920E}"
EndProject
Project("{9A19103F-16F7-4668-BE54-9A1E7A4F7556}") = "Task.7", "Task.7\Task.7.csproj", "{5E4204CE-C0EE-4633-B9BD-F4233218423A}"
EndProject
Project("{9A19103F-16F7-4668-BE54-9A1E7A4F7556}") = "Task.8", "Task.8\Task.8.csproj", "{E3198781-F5C4-457A-BFBE-29318C7C7747}"
EndProject
Project("{9A19103F-16F7-4668-BE54-9A1E7A4F7556}") = "Task.9", "Task.9\Task.9.csproj", "{DA3CF441-2A03-4756-A331-165F2AFD5A03}"
EndProject
Project("{9A19103F-16F7-4668-BE54-9A1E7A4F7556}") = "Task.10", "Task.10\Task.10.csproj", "{1BB8E1D4-1B35-4288-BFEF-EA81A67409DC}"
EndProject
Project("{9A19103F-16F7-4668-BE54-9A1E7A4F7556}") = "Task.11", "Task.11\Task.11.csproj", "{7A12F5E7-FA3B-4C07-874E-DCDCFA4B5F19}"
EndProject
Project("{9A19103F-16F7-4668-BE54-9A1E7A4F7556}") = "Task.12", "Task.12\Task.12.csproj", "{12B4D860-F6FA-4AE9-ACF0-53C8BE97793D}"
EndProject
Project("{9A19103F-16F7-4668-BE54-9A1E7A4F7556}") = "Task.13", "Task.13\Task.13.csproj", "{4FDFA208-05AB-4D84-9A15-7FADB1060CC6}"
EndProject
Project("{9A19103F-16F7-4668-BE54-9A1E7A4F7556}") = "Task.14", "Task.14\Task.14.csproj", "{92BE477C-207A-40C7-871B-3EB87E1D0463}"
EndProject
Project("{FAE04EC0-301F-11D3-BF4B-00C04F79EFBC}") = "Task.15", "Task.15\Task.15.csproj", "{AA812FC7-3D7D-4D03-AEF2-A6AA64762B6B}"
EndProject
Global
	GlobalSection(SolutionConfigurationPlatforms) = preSolution
		Debug|Any CPU = Debug|Any CPU
		Release|Any CPU = Release|Any CPU
	EndGlobalSection
	GlobalSection(ProjectConfigurationPlatforms) = postSolution
		{02CD5BF0-F7B7-4FC0-9A9B-3B2D1A4B980E}.Debug|Any CPU.ActiveCfg = Debug|Any CPU
		{02CD5BF0-F7B7-4FC0-9A9B-3B2D1A4B980E}.Debug|Any CPU.Build.0 = Debug|Any CPU
		{02CD5BF0-F7B7-4FC0-9A9B-3B2D1A4B980E}.Release|Any CPU.ActiveCfg = Release|Any CPU
		{02CD5BF0-F7B7-4FC0-9A9B-3B2D1A4B980E}.Release|Any CPU.Build.0 = Release|Any CPU
		{540160AA-99B5-4D3F-99E7-2E743E1ED2DB}.Debug|Any CPU.ActiveCfg = Debug|Any CPU
		{540160AA-99B5-4D3F-99E7-2E743E1ED2DB}.Debug|Any CPU.Build.0 = Debug|Any CPU
		{540160AA-99B5-4D3F-99E7-2E743E1ED2DB}.Release|Any CPU.ActiveCfg = Release|Any CPU
		{540160AA-99B5-4D3F-99E7-2E743E1ED2DB}.Release|Any CPU.Build.0 = Release|Any CPU
		{932192EB-7CB0-4779-BD3A-A68B0680B468}.Debug|Any CPU.ActiveCfg = Debug|Any CPU
		{932192EB-7CB0-4779-BD3A-A68B0680B468}.Debug|Any CPU.Build.0 = Debug|Any CPU
		{932192EB-7CB0-4779-BD3A-A68B0680B468}.Release|Any CPU.ActiveCfg = Release|Any CPU
		{932192EB-7CB0-4779-BD3A-A68B0680B468}.Release|Any CPU.Build.0 = Release|Any CPU
		{BAAB6C55-6EC1-4487-A502-4D512FF5724E}.Debug|Any CPU.ActiveCfg = Debug|Any CPU
		{BAAB6C55-6EC1-4487-A502-4D512FF5724E}.Debug|Any CPU.Build.0 = Debug|Any CPU
		{BAAB6C55-6EC1-4487-A502-4D512FF5724E}.Release|Any CPU.ActiveCfg = Release|Any CPU
		{BAAB6C55-6EC1-4487-A502-4D512FF5724E}.Release|Any CPU.Build.0 = Release|Any CPU
		{1E308EE8-3364-47AE-903B-1B297F854B58}.Debug|Any CPU.ActiveCfg = Debug|Any CPU
		{1E308EE8-3364-47AE-903B-1B297F854B58}.Debug|Any CPU.Build.0 = Debug|Any CPU
		{1E308EE8-3364-47AE-903B-1B297F854B58}.Release|Any CPU.ActiveCfg = Release|Any CPU
		{1E308EE8-3364-47AE-903B-1B297F854B58}.Release|Any CPU.Build.0 = Release|Any CPU
		{F1F19B7A-50E6-4E66-A348-699EDA50920E}.Debug|Any CPU.ActiveCfg = Debug|Any CPU
		{F1F19B7A-50E6-4E66-A348-699EDA50920E}.Debug|Any CPU.Build.0 = Debug|Any CPU
		{F1F19B7A-50E6-4E66-A348-699EDA50920E}.Release|Any CPU.ActiveCfg = Release|Any CPU
		{F1F19B7A-50E6-4E66-A348-699EDA50920E}.Release|Any CPU.Build.0 = Release|Any CPU
		{5E4204CE-C0EE-4633-B9BD-F4233218423A}.Debug|Any CPU.ActiveCfg = Debug|Any CPU
		{5E4204CE-C0EE-4633-B9BD-F4233218423A}.Debug|Any CPU.Build.0 = Debug|Any CPU
		{5E4204CE-C0EE-4633-B9BD-F4233218423A}.Release|Any CPU.ActiveCfg = Release|Any CPU
		{5E4204CE-C0EE-4633-B9BD-F4233218423A}.Release|Any CPU.Build.0 = Release|Any CPU
		{E3198781-F5C4-457A-BFBE-29318C7C7747}.Debug|Any CPU.ActiveCfg = Debug|Any CPU
		{E3198781-F5C4-457A-BFBE-29318C7C7747}.Debug|Any CPU.Build.0 = Debug|Any CPU
		{E3198781-F5C4-457A-BFBE-29318C7C7747}.Release|Any CPU.ActiveCfg = Release|Any CPU
		{E3198781-F5C4-457A-BFBE-29318C7C7747}.Release|Any CPU.Build.0 = Release|Any CPU
		{DA3CF441-2A03-4756-A331-165F2AFD5A03}.Debug|Any CPU.ActiveCfg = Debug|Any CPU
		{DA3CF441-2A03-4756-A331-165F2AFD5A03}.Debug|Any CPU.Build.0 = Debug|Any CPU
		{DA3CF441-2A03-4756-A331-165F2AFD5A03}.Release|Any CPU.ActiveCfg = Release|Any CPU
		{DA3CF441-2A03-4756-A331-165F2AFD5A03}.Release|Any CPU.Build.0 = Release|Any CPU
		{1BB8E1D4-1B35-4288-BFEF-EA81A67409DC}.Debug|Any CPU.ActiveCfg = Debug|Any CPU
		{1BB8E1D4-1B35-4288-BFEF-EA81A67409DC}.Debug|Any CPU.Build.0 = Debug|Any CPU
		{1BB8E1D4-1B35-4288-BFEF-EA81A67409DC}.Release|Any CPU.ActiveCfg = Release|Any CPU
		{1BB8E1D4-1B35-4288-BFEF-EA81A67409DC}.Release|Any CPU.Build.0 = Release|Any CPU
		{7A12F5E7-FA3B-4C07-874E-DCDCFA4B5F19}.Debug|Any CPU.ActiveCfg = Debug|Any CPU
		{7A12F5E7-FA3B-4C07-874E-DCDCFA4B5F19}.Debug|Any CPU.Build.0 = Debug|Any CPU
		{7A12F5E7-FA3B-4C07-874E-DCDCFA4B5F19}.Release|Any CPU.ActiveCfg = Release|Any CPU
		{7A12F5E7-FA3B-4C07-874E-DCDCFA4B5F19}.Release|Any CPU.Build.0 = Release|Any CPU
		{12B4D860-F6FA-4AE9-ACF0-53C8BE97793D}.Debug|Any CPU.ActiveCfg = Debug|Any CPU
		{12B4D860-F6FA-4AE9-ACF0-53C8BE97793D}.Debug|Any CPU.Build.0 = Debug|Any CPU
		{12B4D860-F6FA-4AE9-ACF0-53C8BE97793D}.Release|Any CPU.ActiveCfg = Release|Any CPU
		{12B4D860-F6FA-4AE9-ACF0-53C8BE97793D}.Release|Any CPU.Build.0 = Release|Any CPU
		{4FDFA208-05AB-4D84-9A15-7FADB1060CC6}.Debug|Any CPU.ActiveCfg = Debug|Any CPU
		{4FDFA208-05AB-4D84-9A15-7FADB1060CC6}.Debug|Any CPU.Build.0 = Debug|Any CPU
		{4FDFA208-05AB-4D84-9A15-7FADB1060CC6}.Release|Any CPU.ActiveCfg = Release|Any CPU
		{4FDFA208-05AB-4D84-9A15-7FADB1060CC6}.Release|Any CPU.Build.0 = Release|Any CPU
		{92BE477C-207A-40C7-871B-3EB87E1D0463}.Debug|Any CPU.ActiveCfg = Debug|Any CPU
		{92BE477C-207A-40C7-871B-3EB87E1D0463}.Debug|Any CPU.Build.0 = Debug|Any CPU
		{92BE477C-207A-40C7-871B-3EB87E1D0463}.Release|Any CPU.ActiveCfg = Release|Any CPU
		{92BE477C-207A-40C7-871B-3EB87E1D0463}.Release|Any CPU.Build.0 = Release|Any CPU
		{AA812FC7-3D7D-4D03-AEF2-A6AA64762B6B}.Debug|Any CPU.ActiveCfg = Debug|Any CPU
		{AA812FC7-3D7D-4D03-AEF2-A6AA64762B6B}.Debug|Any CPU.Build.0 = Debug|Any CPU
		{AA812FC7-3D7D-4D03-AEF2-A6AA64762B6B}.Release|Any CPU.ActiveCfg = Release|Any CPU
		{AA812FC7-3D7D-4D03-AEF2-A6AA64762B6B}.Release|Any CPU.Build.0 = Release|Any CPU
	EndGlobalSection
	GlobalSection(SolutionProperties) = preSolution
		HideSolutionNode = FALSE
	EndGlobalSection
	GlobalSection(ExtensibilityGlobals) = postSolution
		SolutionGuid = {09F8B5C5-A00A-4F96-9CB2-FF0D9AFF5A4B}
	EndGlobalSection
EndGlobal
